version: 6
environments:
  default:
    channels:
    - url: https://conda.anaconda.org/conda-forge/
    - url: https://conda.anaconda.org/fortiers/
    - url: https://conda.anaconda.org/nodefaults/
    packages: {}
  py313:
    channels:
    - url: https://conda.anaconda.org/conda-forge/
    - url: https://conda.anaconda.org/fortiers/
    - url: https://conda.anaconda.org/nodefaults/
    packages:
      linux-64:
      - conda: https://conda.anaconda.org/conda-forge/linux-64/_libgcc_mutex-0.1-conda_forge.tar.bz2
      - conda: https://conda.anaconda.org/conda-forge/linux-64/_openmp_mutex-4.5-2_gnu.tar.bz2
      - conda: https://conda.anaconda.org/conda-forge/linux-64/bzip2-1.0.8-h4bc722e_7.conda
      - conda: https://conda.anaconda.org/conda-forge/linux-64/ca-certificates-2025.1.31-hbcca054_0.conda
      - conda: https://conda.anaconda.org/fortiers/noarch/cmcdict-2025.3.0-pyh4616a5c_0.conda
      - conda: https://conda.anaconda.org/conda-forge/linux-64/ld_impl_linux-64-2.43-h712a8e2_4.conda
      - conda: https://conda.anaconda.org/conda-forge/linux-64/libblas-3.9.0-31_h59b9bed_openblas.conda
      - conda: https://conda.anaconda.org/conda-forge/linux-64/libcblas-3.9.0-31_he106b2a_openblas.conda
      - conda: https://conda.anaconda.org/conda-forge/linux-64/libexpat-2.6.4-h5888daf_0.conda
      - conda: https://conda.anaconda.org/conda-forge/linux-64/libffi-3.4.6-h2dba641_0.conda
      - conda: https://conda.anaconda.org/conda-forge/linux-64/libgcc-14.2.0-h767d61c_2.conda
      - conda: https://conda.anaconda.org/conda-forge/linux-64/libgcc-ng-14.2.0-h69a702a_2.conda
      - conda: https://conda.anaconda.org/conda-forge/linux-64/libgfortran-14.2.0-h69a702a_2.conda
      - conda: https://conda.anaconda.org/conda-forge/linux-64/libgfortran5-14.2.0-hf1ad2bd_2.conda
      - conda: https://conda.anaconda.org/conda-forge/linux-64/libgomp-14.2.0-h767d61c_2.conda
      - conda: https://conda.anaconda.org/conda-forge/linux-64/liblapack-3.9.0-31_h7ac8fdf_openblas.conda
      - conda: https://conda.anaconda.org/conda-forge/linux-64/liblzma-5.6.4-hb9d3cd8_0.conda
      - conda: https://conda.anaconda.org/conda-forge/linux-64/libmpdec-4.0.0-h4bc722e_0.conda
      - conda: https://conda.anaconda.org/conda-forge/linux-64/libopenblas-0.3.29-pthreads_h94d23a6_0.conda
      - conda: https://conda.anaconda.org/conda-forge/linux-64/libsqlite-3.49.1-hee588c1_2.conda
      - conda: https://conda.anaconda.org/conda-forge/linux-64/libstdcxx-14.2.0-h8f9b012_2.conda
      - conda: https://conda.anaconda.org/conda-forge/linux-64/libuuid-2.38.1-h0b41bf4_0.conda
      - conda: https://conda.anaconda.org/conda-forge/linux-64/libzlib-1.3.1-hb9d3cd8_2.conda
      - conda: https://conda.anaconda.org/conda-forge/linux-64/ncurses-6.5-h2d0b736_3.conda
      - conda: https://conda.anaconda.org/conda-forge/linux-64/numpy-2.2.4-py313h17eae1a_0.conda
      - conda: https://conda.anaconda.org/conda-forge/linux-64/openssl-3.4.1-h7b32b05_0.conda
      - conda: https://conda.anaconda.org/conda-forge/noarch/packaging-24.2-pyhd8ed1ab_2.conda
      - conda: https://conda.anaconda.org/conda-forge/linux-64/polars-1.26.0-py313hae41bca_0.conda
      - conda: https://conda.anaconda.org/conda-forge/linux-64/python-3.13.2-hf636f53_101_cp313.conda
      - conda: https://conda.anaconda.org/conda-forge/linux-64/python_abi-3.13-5_cp313.conda
      - conda: https://conda.anaconda.org/conda-forge/linux-64/readline-8.2-h8c095d6_2.conda
      - conda: https://conda.anaconda.org/conda-forge/linux-64/tk-8.6.13-noxft_h4845f30_101.conda
      - conda: https://conda.anaconda.org/conda-forge/noarch/tzdata-2025b-h78e105d_0.conda
  py38:
    channels:
    - url: https://conda.anaconda.org/conda-forge/
    - url: https://conda.anaconda.org/fortiers/
    - url: https://conda.anaconda.org/nodefaults/
    packages:
      linux-64:
      - conda: https://conda.anaconda.org/conda-forge/linux-64/_libgcc_mutex-0.1-conda_forge.tar.bz2
      - conda: https://conda.anaconda.org/conda-forge/linux-64/_openmp_mutex-4.5-2_gnu.tar.bz2
      - conda: https://conda.anaconda.org/conda-forge/noarch/backports-1.0-pyhd8ed1ab_4.conda
      - conda: https://conda.anaconda.org/conda-forge/linux-64/backports.zoneinfo-0.2.1-py38h01eb140_8.conda
      - conda: https://conda.anaconda.org/conda-forge/linux-64/bzip2-1.0.8-h4bc722e_7.conda
      - conda: https://conda.anaconda.org/conda-forge/linux-64/ca-certificates-2025.1.31-hbcca054_0.conda
      - conda: https://conda.anaconda.org/fortiers/noarch/cmcdict-2025.3.0-pyh4616a5c_0.conda
      - conda: https://conda.anaconda.org/conda-forge/linux-64/ld_impl_linux-64-2.43-h712a8e2_4.conda
      - conda: https://conda.anaconda.org/conda-forge/linux-64/libblas-3.9.0-31_h59b9bed_openblas.conda
      - conda: https://conda.anaconda.org/conda-forge/linux-64/libcblas-3.9.0-31_he106b2a_openblas.conda
      - conda: https://conda.anaconda.org/conda-forge/linux-64/libffi-3.4.6-h2dba641_0.conda
      - conda: https://conda.anaconda.org/conda-forge/linux-64/libgcc-14.2.0-h767d61c_2.conda
      - conda: https://conda.anaconda.org/conda-forge/linux-64/libgcc-ng-14.2.0-h69a702a_2.conda
      - conda: https://conda.anaconda.org/conda-forge/linux-64/libgfortran-14.2.0-h69a702a_2.conda
      - conda: https://conda.anaconda.org/conda-forge/linux-64/libgfortran5-14.2.0-hf1ad2bd_2.conda
      - conda: https://conda.anaconda.org/conda-forge/linux-64/libgomp-14.2.0-h767d61c_2.conda
      - conda: https://conda.anaconda.org/conda-forge/linux-64/liblapack-3.9.0-31_h7ac8fdf_openblas.conda
      - conda: https://conda.anaconda.org/conda-forge/linux-64/liblzma-5.6.4-hb9d3cd8_0.conda
      - conda: https://conda.anaconda.org/conda-forge/linux-64/liblzma-devel-5.6.4-hb9d3cd8_0.conda
      - conda: https://conda.anaconda.org/conda-forge/linux-64/libnsl-2.0.1-hd590300_0.conda
      - conda: https://conda.anaconda.org/conda-forge/linux-64/libopenblas-0.3.29-pthreads_h94d23a6_0.conda
      - conda: https://conda.anaconda.org/conda-forge/linux-64/libsqlite-3.49.1-hee588c1_2.conda
      - conda: https://conda.anaconda.org/conda-forge/linux-64/libstdcxx-14.2.0-h8f9b012_2.conda
      - conda: https://conda.anaconda.org/conda-forge/linux-64/libstdcxx-ng-14.2.0-h4852527_2.conda
      - conda: https://conda.anaconda.org/conda-forge/linux-64/libuuid-2.38.1-h0b41bf4_0.conda
      - conda: https://conda.anaconda.org/conda-forge/linux-64/libxcrypt-4.4.36-hd590300_1.conda
      - conda: https://conda.anaconda.org/conda-forge/linux-64/libzlib-1.3.1-hb9d3cd8_2.conda
      - conda: https://conda.anaconda.org/conda-forge/linux-64/ncurses-6.5-h2d0b736_3.conda
      - conda: https://conda.anaconda.org/conda-forge/linux-64/numpy-1.24.4-py38h59b608b_0.conda
      - conda: https://conda.anaconda.org/conda-forge/linux-64/openssl-3.4.1-h7b32b05_0.conda
      - conda: https://conda.anaconda.org/conda-forge/linux-64/polars-1.5.0-py38h3072ed8_0.conda
      - conda: https://conda.anaconda.org/conda-forge/linux-64/python-3.8.20-h4a871b0_2_cpython.conda
      - conda: https://conda.anaconda.org/conda-forge/linux-64/python_abi-3.8-5_cp38.conda
      - conda: https://conda.anaconda.org/conda-forge/linux-64/readline-8.2-h8c095d6_2.conda
      - conda: https://conda.anaconda.org/conda-forge/linux-64/tk-8.6.13-noxft_h4845f30_101.conda
      - conda: https://conda.anaconda.org/conda-forge/noarch/typing_extensions-4.12.2-pyha770c72_0.conda
      - conda: https://conda.anaconda.org/conda-forge/noarch/tzdata-2025b-h78e105d_0.conda
      - conda: https://conda.anaconda.org/conda-forge/linux-64/xz-5.6.4-hbcc6ac9_0.conda
      - conda: https://conda.anaconda.org/conda-forge/linux-64/xz-gpl-tools-5.6.4-hbcc6ac9_0.conda
      - conda: https://conda.anaconda.org/conda-forge/linux-64/xz-tools-5.6.4-hb9d3cd8_0.conda
packages:
- conda: https://conda.anaconda.org/conda-forge/linux-64/_libgcc_mutex-0.1-conda_forge.tar.bz2
  sha256: fe51de6107f9edc7aa4f786a70f4a883943bc9d39b3bb7307c04c41410990726
  md5: d7c89558ba9fa0495403155b64376d81
  arch: x86_64
  platform: linux
  license: None
  size: 2562
  timestamp: 1578324546067
- conda: https://conda.anaconda.org/conda-forge/linux-64/_openmp_mutex-4.5-2_gnu.tar.bz2
  build_number: 16
  sha256: fbe2c5e56a653bebb982eda4876a9178aedfc2b545f25d0ce9c4c0b508253d22
  md5: 73aaf86a425cc6e73fcf236a5a46396d
  depends:
  - _libgcc_mutex 0.1 conda_forge
  - libgomp >=7.5.0
  constrains:
  - openmp_impl 9999
  arch: x86_64
  platform: linux
  license: BSD-3-Clause
  license_family: BSD
  size: 23621
  timestamp: 1650670423406
- conda: https://conda.anaconda.org/conda-forge/noarch/backports-1.0-pyhd8ed1ab_4.conda
  sha256: 31b51537ce7d2ba8b5b3d0095f1813711884304ac1701bc55938ca75f6c82e19
  md5: 67bdebbc334513034826e9b63f769d4c
  depends:
  - python >=3
  license: BSD-3-Clause
  license_family: BSD
  size: 6989
  timestamp: 1722295637981
- conda: https://conda.anaconda.org/conda-forge/linux-64/backports.zoneinfo-0.2.1-py38h01eb140_8.conda
  sha256: 66169e0eadcc1fa6f58188bea05f4a04f3eac0d8b1ad6d3201533716b0a263a2
  md5: edae205e056d55a166fd21e7055a4dc1
  depends:
  - backports
  - libgcc-ng >=12
  - python >=3.8,<3.9.0a0
  - python_abi 3.8.* *_cp38
  - tzdata
  arch: x86_64
  platform: linux
  license: Apache-2.0
  license_family: APACHE
  size: 50748
  timestamp: 1695531497747
- conda: https://conda.anaconda.org/conda-forge/linux-64/bzip2-1.0.8-h4bc722e_7.conda
  sha256: 5ced96500d945fb286c9c838e54fa759aa04a7129c59800f0846b4335cee770d
  md5: 62ee74e96c5ebb0af99386de58cf9553
  depends:
  - __glibc >=2.17,<3.0.a0
  - libgcc-ng >=12
  arch: x86_64
  platform: linux
  license: bzip2-1.0.6
  license_family: BSD
  size: 252783
  timestamp: 1720974456583
- conda: https://conda.anaconda.org/conda-forge/linux-64/ca-certificates-2025.1.31-hbcca054_0.conda
  sha256: bf832198976d559ab44d6cdb315642655547e26d826e34da67cbee6624cda189
  md5: 19f3a56f68d2fd06c516076bff482c52
  arch: x86_64
  platform: linux
  license: ISC
  size: 158144
  timestamp: 1738298224464
- conda: https://conda.anaconda.org/fortiers/noarch/cmcdict-2025.3.0-pyh4616a5c_0.conda
  sha256: 3396356bc90eac432fd2b7afbcb1fac0894cb59dc71036eea70c6074e2d20625
  md5: 1ea9f5db6a6a1746d188003b05e912eb
  depends:
  - python
  - polars >=0.18.8
  - python
  license: LGPL-3.0-or-later
  size: 117878
  timestamp: 1743086172097
- conda: https://conda.anaconda.org/conda-forge/linux-64/ld_impl_linux-64-2.43-h712a8e2_4.conda
  sha256: db73f38155d901a610b2320525b9dd3b31e4949215c870685fd92ea61b5ce472
  md5: 01f8d123c96816249efd255a31ad7712
  depends:
  - __glibc >=2.17,<3.0.a0
  constrains:
  - binutils_impl_linux-64 2.43
  arch: x86_64
  platform: linux
  license: GPL-3.0-only
  license_family: GPL
  size: 671240
  timestamp: 1740155456116
- conda: https://conda.anaconda.org/conda-forge/linux-64/libblas-3.9.0-31_h59b9bed_openblas.conda
  build_number: 31
  sha256: 9839fc4ac0cbb0aa3b9eea520adfb57311838959222654804e58f6f2d1771db5
  md5: 728dbebd0f7a20337218beacffd37916
  depends:
  - libopenblas >=0.3.29,<0.3.30.0a0
  - libopenblas >=0.3.29,<1.0a0
  constrains:
  - liblapacke =3.9.0=31*_openblas
  - liblapack =3.9.0=31*_openblas
  - blas =2.131=openblas
  - mkl <2025
  - libcblas =3.9.0=31*_openblas
  arch: x86_64
  platform: linux
  license: BSD-3-Clause
  license_family: BSD
  size: 16859
  timestamp: 1740087969120
- conda: https://conda.anaconda.org/conda-forge/linux-64/libcblas-3.9.0-31_he106b2a_openblas.conda
  build_number: 31
  sha256: ede8545011f5b208b151fe3e883eb4e31d495ab925ab7b9ce394edca846e0c0d
  md5: abb32c727da370c481a1c206f5159ce9
  depends:
  - libblas 3.9.0 31_h59b9bed_openblas
  constrains:
  - liblapacke =3.9.0=31*_openblas
  - liblapack =3.9.0=31*_openblas
  - blas =2.131=openblas
  arch: x86_64
  platform: linux
  license: BSD-3-Clause
  license_family: BSD
  size: 16796
  timestamp: 1740087984429
- conda: https://conda.anaconda.org/conda-forge/linux-64/libexpat-2.6.4-h5888daf_0.conda
  sha256: 56541b98447b58e52d824bd59d6382d609e11de1f8adf20b23143e353d2b8d26
  md5: db833e03127376d461e1e13e76f09b6c
  depends:
  - __glibc >=2.17,<3.0.a0
  - libgcc >=13
  constrains:
  - expat 2.6.4.*
  arch: x86_64
  platform: linux
  license: MIT
  license_family: MIT
  size: 73304
  timestamp: 1730967041968
- conda: https://conda.anaconda.org/conda-forge/linux-64/libffi-3.4.6-h2dba641_0.conda
  sha256: 67a6c95e33ebc763c1adc3455b9a9ecde901850eb2fceb8e646cc05ef3a663da
  md5: e3eb7806380bc8bcecba6d749ad5f026
  depends:
  - __glibc >=2.17,<3.0.a0
  - libgcc >=13
  arch: x86_64
  platform: linux
  license: MIT
  license_family: MIT
  size: 53415
  timestamp: 1739260413716
- conda: https://conda.anaconda.org/conda-forge/linux-64/libgcc-14.2.0-h767d61c_2.conda
  sha256: 3a572d031cb86deb541d15c1875aaa097baefc0c580b54dc61f5edab99215792
  md5: ef504d1acbd74b7cc6849ef8af47dd03
  depends:
  - __glibc >=2.17,<3.0.a0
  - _openmp_mutex >=4.5
  constrains:
  - libgomp 14.2.0 h767d61c_2
  - libgcc-ng ==14.2.0=*_2
  arch: x86_64
  platform: linux
  license: GPL-3.0-only WITH GCC-exception-3.1
  license_family: GPL
  size: 847885
  timestamp: 1740240653082
- conda: https://conda.anaconda.org/conda-forge/linux-64/libgcc-ng-14.2.0-h69a702a_2.conda
  sha256: fb7558c328b38b2f9d2e412c48da7890e7721ba018d733ebdfea57280df01904
  md5: a2222a6ada71fb478682efe483ce0f92
  depends:
  - libgcc 14.2.0 h767d61c_2
  arch: x86_64
  platform: linux
  license: GPL-3.0-only WITH GCC-exception-3.1
  license_family: GPL
  size: 53758
  timestamp: 1740240660904
- conda: https://conda.anaconda.org/conda-forge/linux-64/libgfortran-14.2.0-h69a702a_2.conda
  sha256: e05263e8960da03c341650f2a3ffa4ccae4e111cb198e8933a2908125459e5a6
  md5: fb54c4ea68b460c278d26eea89cfbcc3
  depends:
  - libgfortran5 14.2.0 hf1ad2bd_2
  constrains:
  - libgfortran-ng ==14.2.0=*_2
  arch: x86_64
  platform: linux
  license: GPL-3.0-only WITH GCC-exception-3.1
  license_family: GPL
  size: 53733
  timestamp: 1740240690977
- conda: https://conda.anaconda.org/conda-forge/linux-64/libgfortran5-14.2.0-hf1ad2bd_2.conda
  sha256: c17b7cf3073a1f4e1f34d50872934fa326346e104d3c445abc1e62481ad6085c
  md5: 556a4fdfac7287d349b8f09aba899693
  depends:
  - __glibc >=2.17,<3.0.a0
  - libgcc >=14.2.0
  constrains:
  - libgfortran 14.2.0
  arch: x86_64
  platform: linux
  license: GPL-3.0-only WITH GCC-exception-3.1
  license_family: GPL
  size: 1461978
  timestamp: 1740240671964
- conda: https://conda.anaconda.org/conda-forge/linux-64/libgomp-14.2.0-h767d61c_2.conda
  sha256: 1a3130e0b9267e781b89399580f3163632d59fe5b0142900d63052ab1a53490e
  md5: 06d02030237f4d5b3d9a7e7d348fe3c6
  depends:
  - __glibc >=2.17,<3.0.a0
  arch: x86_64
  platform: linux
  license: GPL-3.0-only WITH GCC-exception-3.1
  license_family: GPL
  size: 459862
  timestamp: 1740240588123
- conda: https://conda.anaconda.org/conda-forge/linux-64/liblapack-3.9.0-31_h7ac8fdf_openblas.conda
  build_number: 31
  sha256: f583661921456e798aba10972a8abbd9d33571c655c1f66eff450edc9cbefcf3
  md5: 452b98eafe050ecff932f0ec832dd03f
  depends:
  - libblas 3.9.0 31_h59b9bed_openblas
  constrains:
  - libcblas =3.9.0=31*_openblas
  - liblapacke =3.9.0=31*_openblas
  - blas =2.131=openblas
  arch: x86_64
  platform: linux
  license: BSD-3-Clause
  license_family: BSD
  size: 16790
  timestamp: 1740087997375
- conda: https://conda.anaconda.org/conda-forge/linux-64/liblzma-5.6.4-hb9d3cd8_0.conda
  sha256: cad52e10319ca4585bc37f0bc7cce99ec7c15dc9168e42ccb96b741b0a27db3f
  md5: 42d5b6a0f30d3c10cd88cb8584fda1cb
  depends:
  - __glibc >=2.17,<3.0.a0
  - libgcc >=13
  arch: x86_64
  platform: linux
  license: 0BSD
  size: 111357
  timestamp: 1738525339684
- conda: https://conda.anaconda.org/conda-forge/linux-64/liblzma-devel-5.6.4-hb9d3cd8_0.conda
  sha256: 34928b36a3946902196a6786db80c8a4a97f6c9418838d67be90a1388479a682
  md5: 5ab1a0df19c8f3ec00d5e63458e0a420
  depends:
  - __glibc >=2.17,<3.0.a0
  - libgcc >=13
  - liblzma 5.6.4 hb9d3cd8_0
  arch: x86_64
  platform: linux
  license: 0BSD
  size: 378821
  timestamp: 1738525353119
- conda: https://conda.anaconda.org/conda-forge/linux-64/libmpdec-4.0.0-h4bc722e_0.conda
  sha256: d02d1d3304ecaf5c728e515eb7416517a0b118200cd5eacbe829c432d1664070
  md5: aeb98fdeb2e8f25d43ef71fbacbeec80
  depends:
  - __glibc >=2.17,<3.0.a0
  - libgcc-ng >=12
  arch: x86_64
  platform: linux
  license: BSD-2-Clause
  license_family: BSD
  size: 89991
  timestamp: 1723817448345
- conda: https://conda.anaconda.org/conda-forge/linux-64/libnsl-2.0.1-hd590300_0.conda
  sha256: 26d77a3bb4dceeedc2a41bd688564fe71bf2d149fdcf117049970bc02ff1add6
  md5: 30fd6e37fe21f86f4bd26d6ee73eeec7
  depends:
  - libgcc-ng >=12
  arch: x86_64
  platform: linux
  license: LGPL-2.1-only
  license_family: GPL
  size: 33408
  timestamp: 1697359010159
- conda: https://conda.anaconda.org/conda-forge/linux-64/libopenblas-0.3.29-pthreads_h94d23a6_0.conda
  sha256: cc5389ea254f111ef17a53df75e8e5209ef2ea6117e3f8aced88b5a8e51f11c4
  md5: 0a4d0252248ef9a0f88f2ba8b8a08e12
  depends:
  - __glibc >=2.17,<3.0.a0
  - libgcc >=14
  - libgfortran
  - libgfortran5 >=14.2.0
  constrains:
  - openblas >=0.3.29,<0.3.30.0a0
  arch: x86_64
  platform: linux
  license: BSD-3-Clause
  license_family: BSD
  size: 5919288
  timestamp: 1739825731827
- conda: https://conda.anaconda.org/conda-forge/linux-64/libsqlite-3.49.1-hee588c1_2.conda
  sha256: a086289bf75c33adc1daed3f1422024504ffb5c3c8b3285c49f025c29708ed16
  md5: 962d6ac93c30b1dfc54c9cccafd1003e
  depends:
  - __glibc >=2.17,<3.0.a0
  - libgcc >=13
  - libzlib >=1.3.1,<2.0a0
  arch: x86_64
  platform: linux
  license: Unlicense
  size: 918664
  timestamp: 1742083674731
- conda: https://conda.anaconda.org/conda-forge/linux-64/libstdcxx-14.2.0-h8f9b012_2.conda
  sha256: 8f5bd92e4a24e1d35ba015c5252e8f818898478cb3bc50bd8b12ab54707dc4da
  md5: a78c856b6dc6bf4ea8daeb9beaaa3fb0
  depends:
  - __glibc >=2.17,<3.0.a0
  - libgcc 14.2.0 h767d61c_2
  arch: x86_64
  platform: linux
  license: GPL-3.0-only WITH GCC-exception-3.1
  license_family: GPL
  size: 3884556
  timestamp: 1740240685253
- conda: https://conda.anaconda.org/conda-forge/linux-64/libstdcxx-ng-14.2.0-h4852527_2.conda
  sha256: e86f38b007cf97cc2c67cd519f2de12a313c4ee3f5ef11652ad08932a5e34189
  md5: c75da67f045c2627f59e6fcb5f4e3a9b
  depends:
  - libstdcxx 14.2.0 h8f9b012_2
  arch: x86_64
  platform: linux
  license: GPL-3.0-only WITH GCC-exception-3.1
  license_family: GPL
  size: 53830
  timestamp: 1740240722530
- conda: https://conda.anaconda.org/conda-forge/linux-64/libuuid-2.38.1-h0b41bf4_0.conda
  sha256: 787eb542f055a2b3de553614b25f09eefb0a0931b0c87dbcce6efdfd92f04f18
  md5: 40b61aab5c7ba9ff276c41cfffe6b80b
  depends:
  - libgcc-ng >=12
  arch: x86_64
  platform: linux
  license: BSD-3-Clause
  license_family: BSD
  size: 33601
  timestamp: 1680112270483
- conda: https://conda.anaconda.org/conda-forge/linux-64/libxcrypt-4.4.36-hd590300_1.conda
  sha256: 6ae68e0b86423ef188196fff6207ed0c8195dd84273cb5623b85aa08033a410c
  md5: 5aa797f8787fe7a17d1b0821485b5adc
  depends:
  - libgcc-ng >=12
  arch: x86_64
  platform: linux
  license: LGPL-2.1-or-later
  size: 100393
  timestamp: 1702724383534
- conda: https://conda.anaconda.org/conda-forge/linux-64/libzlib-1.3.1-hb9d3cd8_2.conda
  sha256: d4bfe88d7cb447768e31650f06257995601f89076080e76df55e3112d4e47dc4
  md5: edb0dca6bc32e4f4789199455a1dbeb8
  depends:
  - __glibc >=2.17,<3.0.a0
  - libgcc >=13
  constrains:
  - zlib 1.3.1 *_2
  arch: x86_64
  platform: linux
  license: Zlib
  license_family: Other
  size: 60963
  timestamp: 1727963148474
- conda: https://conda.anaconda.org/conda-forge/linux-64/ncurses-6.5-h2d0b736_3.conda
  sha256: 3fde293232fa3fca98635e1167de6b7c7fda83caf24b9d6c91ec9eefb4f4d586
  md5: 47e340acb35de30501a76c7c799c41d7
  depends:
  - __glibc >=2.17,<3.0.a0
  - libgcc >=13
  arch: x86_64
  platform: linux
  license: X11 AND BSD-3-Clause
  size: 891641
  timestamp: 1738195959188
- conda: https://conda.anaconda.org/conda-forge/linux-64/numpy-1.24.4-py38h59b608b_0.conda
  sha256: 6b1fac85c497432fa5ebdd0edaa2197cc89a9fd656b2ec696c9e50e7da23663e
  md5: 8c3e050afeeb2b32575bdb8955cc67b2
  depends:
  - libblas >=3.9.0,<4.0a0
  - libcblas >=3.9.0,<4.0a0
  - libgcc-ng >=12
  - liblapack >=3.9.0,<4.0a0
  - libstdcxx-ng >=12
  - python >=3.8,<3.9.0a0
  - python_abi 3.8.* *_cp38
  constrains:
  - numpy-base <0a0
  arch: x86_64
  platform: linux
  license: BSD-3-Clause
  license_family: BSD
  size: 6681715
  timestamp: 1687808678590
- conda: https://conda.anaconda.org/conda-forge/linux-64/numpy-2.2.4-py313h17eae1a_0.conda
  sha256: d27a5b605dac225d3b9b28bd4b3dc4479210d6ae72619f56594b4d74c88cb206
  md5: 6c905a8f170edd64f3a390c76572e331
  depends:
  - __glibc >=2.17,<3.0.a0
  - libblas >=3.9.0,<4.0a0
  - libcblas >=3.9.0,<4.0a0
  - libgcc >=13
  - liblapack >=3.9.0,<4.0a0
  - libstdcxx >=13
  - python >=3.13,<3.14.0a0
  - python_abi 3.13.* *_cp313
  constrains:
  - numpy-base <0a0
  arch: x86_64
  platform: linux
  license: BSD-3-Clause
  license_family: BSD
  size: 8521492
  timestamp: 1742255362413
- conda: https://conda.anaconda.org/conda-forge/linux-64/openssl-3.4.1-h7b32b05_0.conda
  sha256: cbf62df3c79a5c2d113247ddea5658e9ff3697b6e741c210656e239ecaf1768f
  md5: 41adf927e746dc75ecf0ef841c454e48
  depends:
  - __glibc >=2.17,<3.0.a0
  - ca-certificates
  - libgcc >=13
  arch: x86_64
  platform: linux
  license: Apache-2.0
  license_family: Apache
  size: 2939306
  timestamp: 1739301879343
- conda: https://conda.anaconda.org/conda-forge/noarch/packaging-24.2-pyhd8ed1ab_2.conda
  sha256: da157b19bcd398b9804c5c52fc000fcb8ab0525bdb9c70f95beaa0bb42f85af1
  md5: 3bfed7e6228ebf2f7b9eaa47f1b4e2aa
  depends:
  - python >=3.8
  license: Apache-2.0
  license_family: APACHE
  size: 60164
  timestamp: 1733203368787
- conda: https://conda.anaconda.org/conda-forge/linux-64/polars-1.26.0-py313hae41bca_0.conda
  sha256: 8ab3b44a5b7d421cb4c31789f34313267d2d1fd13904272713b5c8e2bb39cce0
  md5: 14817d4747f3996cdf8efbba164c65b9
  depends:
  - __glibc >=2.17,<3.0.a0
  - libgcc >=13
  - numpy >=1.16.0
  - packaging
  - python >=3.13,<3.14.0a0
  - python_abi 3.13.* *_cp313
  constrains:
  - __glibc >=2.17
  arch: x86_64
  platform: linux
  license: MIT
  license_family: MIT
  size: 26939146
  timestamp: 1742844033521
- conda: https://conda.anaconda.org/conda-forge/linux-64/polars-1.5.0-py38h3072ed8_0.conda
  sha256: 71f1e620c2b6dffd538917883b6c387d3baeb9cb65ae6d0b9f155e98b8e94917
  md5: 5c9f85090d3fc6b1924c64bd3f20a75e
  depends:
  - __glibc >=2.17,<3.0.a0
  - backports.zoneinfo
  - libgcc-ng >=12
  - numpy >=1.16.0
  - python >=3.8,<3.9.0a0
  - python_abi 3.8.* *_cp38
  - typing_extensions >=4.0.0
  constrains:
  - __glibc >=2.17
  arch: x86_64
  platform: linux
  license: MIT
  license_family: MIT
  size: 21347001
  timestamp: 1723709401054
- conda: https://conda.anaconda.org/conda-forge/linux-64/python-3.13.2-hf636f53_101_cp313.conda
  build_number: 101
  sha256: cc1984ee54261cee6a2db75c65fc7d2967bc8c6e912d332614df15244d7730ef
  md5: a7902a3611fe773da3921cbbf7bc2c5c
  depends:
  - __glibc >=2.17,<3.0.a0
  - bzip2 >=1.0.8,<2.0a0
  - ld_impl_linux-64 >=2.36.1
  - libexpat >=2.6.4,<3.0a0
  - libffi >=3.4,<4.0a0
  - libgcc >=13
  - liblzma >=5.6.4,<6.0a0
  - libmpdec >=4.0.0,<5.0a0
  - libsqlite >=3.48.0,<4.0a0
  - libuuid >=2.38.1,<3.0a0
  - libzlib >=1.3.1,<2.0a0
  - ncurses >=6.5,<7.0a0
  - openssl >=3.4.1,<4.0a0
  - python_abi 3.13.* *_cp313
  - readline >=8.2,<9.0a0
  - tk >=8.6.13,<8.7.0a0
  - tzdata
  arch: x86_64
  platform: linux
  license: Python-2.0
  size: 33233150
  timestamp: 1739803603242
  python_site_packages_path: lib/python3.13/site-packages
- conda: https://conda.anaconda.org/conda-forge/linux-64/python-3.8.20-h4a871b0_2_cpython.conda
  build_number: 2
  sha256: 8043dcdb29e1e026d0def1056620d81b24c04f71fd98cc45888c58373b479845
  md5: 05ffff2f44ad60b94ecb53d029c6bdf7
  depends:
  - __glibc >=2.17,<3.0.a0
  - bzip2 >=1.0.8,<2.0a0
  - ld_impl_linux-64 >=2.36.1
  - libffi >=3.4,<4.0a0
  - libgcc >=13
  - libnsl >=2.0.1,<2.1.0a0
  - libsqlite >=3.46.1,<4.0a0
  - libuuid >=2.38.1,<3.0a0
  - libxcrypt >=4.4.36
  - libzlib >=1.3.1,<2.0a0
  - ncurses >=6.5,<7.0a0
  - openssl >=3.3.2,<4.0a0
  - readline >=8.2,<9.0a0
  - tk >=8.6.13,<8.7.0a0
  - xz >=5.2.6,<6.0a0
  constrains:
  - python_abi 3.8.* *_cp38
  arch: x86_64
  platform: linux
  license: Python-2.0
  size: 22176012
  timestamp: 1727719857908
- conda: https://conda.anaconda.org/conda-forge/linux-64/python_abi-3.13-5_cp313.conda
  build_number: 5
  sha256: 438225b241c5f9bddae6f0178a97f5870a89ecf927dfca54753e689907331442
  md5: 381bbd2a92c863f640a55b6ff3c35161
  constrains:
  - python 3.13.* *_cp313
  arch: x86_64
  platform: linux
  license: BSD-3-Clause
  license_family: BSD
  size: 6217
  timestamp: 1723823393322
- conda: https://conda.anaconda.org/conda-forge/linux-64/python_abi-3.8-5_cp38.conda
  build_number: 5
  sha256: 2be05be156f72ed7dc9569046396781cc9d818fbc03532acbf822afa65869d71
  md5: 7caf714d16205dca32687a95ae71a472
  constrains:
  - python 3.8.* *_cpython
  arch: x86_64
  platform: linux
  license: BSD-3-Clause
  license_family: BSD
  size: 6196
  timestamp: 1723823402019
- conda: https://conda.anaconda.org/conda-forge/linux-64/readline-8.2-h8c095d6_2.conda
  sha256: 2d6d0c026902561ed77cd646b5021aef2d4db22e57a5b0178dfc669231e06d2c
  md5: 283b96675859b20a825f8fa30f311446
  depends:
  - libgcc >=13
  - ncurses >=6.5,<7.0a0
  arch: x86_64
  platform: linux
  license: GPL-3.0-only
  license_family: GPL
  size: 282480
  timestamp: 1740379431762
- conda: https://conda.anaconda.org/conda-forge/linux-64/tk-8.6.13-noxft_h4845f30_101.conda
  sha256: e0569c9caa68bf476bead1bed3d79650bb080b532c64a4af7d8ca286c08dea4e
  md5: d453b98d9c83e71da0741bb0ff4d76bc
  depends:
  - libgcc-ng >=12
  - libzlib >=1.2.13,<2.0.0a0
  arch: x86_64
  platform: linux
  license: TCL
  license_family: BSD
  size: 3318875
  timestamp: 1699202167581
- conda: https://conda.anaconda.org/conda-forge/noarch/typing_extensions-4.12.2-pyha770c72_0.conda
  sha256: 0fce54f8ec3e59f5ef3bb7641863be4e1bf1279623e5af3d3fa726e8f7628ddb
  md5: ebe6952715e1d5eb567eeebf25250fa7
  depends:
  - python >=3.8
  license: PSF-2.0
  license_family: PSF
  size: 39888
  timestamp: 1717802653893
- conda: https://conda.anaconda.org/conda-forge/noarch/tzdata-2025b-h78e105d_0.conda
  sha256: 5aaa366385d716557e365f0a4e9c3fca43ba196872abbbe3d56bb610d131e192
  md5: 4222072737ccff51314b5ece9c7d6f5a
  license: LicenseRef-Public-Domain
  size: 122968
  timestamp: 1742727099393
- conda: https://conda.anaconda.org/conda-forge/linux-64/xz-5.6.4-hbcc6ac9_0.conda
  sha256: 91fc251034fa5199919680aa50299296d89da54b2d066fb6e6a60461c17c0c4a
  md5: bb511c87804cf7220246a3a6efc45c22
  depends:
  - __glibc >=2.17,<3.0.a0
  - libgcc >=13
  - liblzma 5.6.4 hb9d3cd8_0
  - liblzma-devel 5.6.4 hb9d3cd8_0
  - xz-gpl-tools 5.6.4 hbcc6ac9_0
  - xz-tools 5.6.4 hb9d3cd8_0
  arch: x86_64
  platform: linux
  license: 0BSD AND LGPL-2.1-or-later AND GPL-2.0-or-later
  size: 23477
  timestamp: 1738525395307
- conda: https://conda.anaconda.org/conda-forge/linux-64/xz-gpl-tools-5.6.4-hbcc6ac9_0.conda
  sha256: 300fc4e5993a36c979e61b1a38d00f0c23c0c56d5989be537cbc7bd8658254ed
  md5: 246840b451f7a66bd68869e56b066dd5
  depends:
  - __glibc >=2.17,<3.0.a0
  - libgcc >=13
  - liblzma 5.6.4 hb9d3cd8_0
  arch: x86_64
  platform: linux
  license: 0BSD AND LGPL-2.1-or-later AND GPL-2.0-or-later
  size: 33285
  timestamp: 1738525381548
- conda: https://conda.anaconda.org/conda-forge/linux-64/xz-tools-5.6.4-hb9d3cd8_0.conda
  sha256: 57506a312d8cfbee98217fb382822bd49794ea6318dd4e0413a0d588dc6f4f69
  md5: a098f9f949af52610fdceb8e35b57513
  depends:
  - __glibc >=2.17,<3.0.a0
  - libgcc >=13
  - liblzma 5.6.4 hb9d3cd8_0
  arch: x86_64
  platform: linux
  license: 0BSD AND LGPL-2.1-or-later
  size: 89735
  timestamp: 1738525367692
